
Microsoft Visual Studio Solution File, Format Version 12.00
# Visual Studio Version 16
VisualStudioVersion = 16.0.31624.102
MinimumVisualStudioVersion = 10.0.40219.1
Project("{FAE04EC0-301F-11D3-BF4B-00C04F79EFBC}") = "Print-Diamond", "UoBTask\Print-Diamond.csproj", "{5F59668C-EDDA-400D-894C-53015BC7DF7F}"
EndProject
Global
	GlobalSection(SolutionConfigurationPlatforms) = preSolution
		Debug|Any CPU = Debug|Any CPU
		Release|Any CPU = Release|Any CPU
	EndGlobalSection
	GlobalSection(ProjectConfigurationPlatforms) = postSolution
		{5F59668C-EDDA-400D-894C-53015BC7DF7F}.Debug|Any CPU.ActiveCfg = Debug|Any CPU
		{5F59668C-EDDA-400D-894C-53015BC7DF7F}.Debug|Any CPU.Build.0 = Debug|Any CPU
		{5F59668C-EDDA-400D-894C-53015BC7DF7F}.Release|Any CPU.ActiveCfg = Release|Any CPU
		{5F59668C-EDDA-400D-894C-53015BC7DF7F}.Release|Any CPU.Build.0 = Release|Any CPU
	EndGlobalSection
	GlobalSection(SolutionProperties) = preSolution
		HideSolutionNode = FALSE
	EndGlobalSection
	GlobalSection(ExtensibilityGlobals) = postSolution
		SolutionGuid = {C84EA3BB-6442-4EE7-9C13-C5ACC770EAE0}
	EndGlobalSection
EndGlobal
